
Microsoft Visual Studio Solution File, Format Version 12.00
# Visual Studio Version 17
VisualStudioVersion = 17.14.36401.2
MinimumVisualStudioVersion = 10.0.40219.1
Project("{2150E333-8FDC-42A3-9474-1A3956D46DE8}") = "Config", "Config", "{02EA681E-C7D8-13C7-8484-4AC65E1B71E8}"
	ProjectSection(SolutionItems) = preProject
		..\.gitignore = ..\.gitignore
		..\README.md = ..\README.md
	EndProjectSection
EndProject
Project("{2150E333-8FDC-42A3-9474-1A3956D46DE8}") = "DesignPatterns", "DesignPatterns", "{C3391258-5F12-43D9-A80D-FEEF35150699}"
	ProjectSection(SolutionItems) = preProject
		Anotacoes.md = Anotacoes.md
	EndProjectSection
EndProject
Project("{2150E333-8FDC-42A3-9474-1A3956D46DE8}") = "Criacionais", "Criacionais", "{581D2A7D-04D2-4AA5-9E07-C195A6CCD54E}"
EndProject
Project("{FAE04EC0-301F-11D3-BF4B-00C04F79EFBC}") = "SimpleFactory", "SimpleFactory\SimpleFactory.csproj", "{011ED217-45B7-4086-B074-FBFB2959BF6F}"
EndProject
Project("{FAE04EC0-301F-11D3-BF4B-00C04F79EFBC}") = "FactoryMethod", "FactoryMethod\FactoryMethod.csproj", "{76FACB20-4DDA-4C3F-8003-97984710F01B}"
EndProject
Project("{FAE04EC0-301F-11D3-BF4B-00C04F79EFBC}") = "AbstractFactory", "AbstractFactory\AbstractFactory.csproj", "{E129225D-0844-4B8C-BE82-9F11F2FE4F57}"
EndProject
Project("{FAE04EC0-301F-11D3-BF4B-00C04F79EFBC}") = "Builder", "Builder\Builder.csproj", "{E83BBDBE-B5D5-471B-B8CF-D5A8F75D6E73}"
EndProject
Project("{FAE04EC0-301F-11D3-BF4B-00C04F79EFBC}") = "FluentBuilder", "FluentBuilder\FluentBuilder.csproj", "{93E4B0F6-7E2A-42F7-97F1-9A87E58F20B1}"
EndProject
Project("{FAE04EC0-301F-11D3-BF4B-00C04F79EFBC}") = "Prototype", "Prototype\Prototype.csproj", "{8F638890-4F82-488A-9BB8-06661CFDB039}"
EndProject
Project("{FAE04EC0-301F-11D3-BF4B-00C04F79EFBC}") = "SingletonSingleThread", "SingletonSigleThread\SingletonSingleThread.csproj", "{57891911-0097-496D-A2D9-07036EAFFDB2}"
EndProject
Project("{2150E333-8FDC-42A3-9474-1A3956D46DE8}") = "Estruturais", "Estruturais", "{7C841606-0CD6-4735-9CAE-341A888CCA0F}"
EndProject
Project("{FAE04EC0-301F-11D3-BF4B-00C04F79EFBC}") = "SingletonStatic", "SingletonStatic\SingletonStatic.csproj", "{3C3B77A7-C17F-46FB-8B6A-28DD1C87F2B3}"
EndProject
Project("{FAE04EC0-301F-11D3-BF4B-00C04F79EFBC}") = "SingletonThreadSafety", "SingletonThreadSafety\SingletonThreadSafety.csproj", "{ABD45FC8-8DF6-4E9C-8AD0-F59893C8E424}"
EndProject
Project("{FAE04EC0-301F-11D3-BF4B-00C04F79EFBC}") = "Adapter", "Adapter\Adapter.csproj", "{18DB398D-911D-43D4-847D-69EB0FC0EC14}"
EndProject
Project("{FAE04EC0-301F-11D3-BF4B-00C04F79EFBC}") = "Bridge", "Bridge\Bridge.csproj", "{EE8B5900-2E08-452C-8338-3FCF15E544A4}"
EndProject
Project("{FAE04EC0-301F-11D3-BF4B-00C04F79EFBC}") = "Composite", "Composite\Composite.csproj", "{82819AAC-2F0E-4F87-90C0-DCE25A22AF35}"
EndProject
Project("{FAE04EC0-301F-11D3-BF4B-00C04F79EFBC}") = "Decorator", "Decorator\Decorator.csproj", "{A806133F-6FC7-458A-9946-C1BACAFD8454}"
EndProject
Project("{FAE04EC0-301F-11D3-BF4B-00C04F79EFBC}") = "Facade", "Facade\Facade.csproj", "{62B6D792-5046-40EE-ACD5-BAB8FBFBCE56}"
EndProject
Project("{FAE04EC0-301F-11D3-BF4B-00C04F79EFBC}") = "Flyweight", "Flyweight\Flyweight.csproj", "{48139D16-9C18-433F-A23F-5C56032CAA33}"
EndProject
Project("{FAE04EC0-301F-11D3-BF4B-00C04F79EFBC}") = "Proxy", "Proxy\Proxy.csproj", "{FC8D24D7-CEF0-4144-858C-35AB196F2539}"
EndProject
Project("{2150E333-8FDC-42A3-9474-1A3956D46DE8}") = "Comportamentais", "Comportamentais", "{5C3ED098-FCB1-4C0A-9431-641CC30405D7}"
EndProject
Project("{FAE04EC0-301F-11D3-BF4B-00C04F79EFBC}") = "ChainOfResponsibility", "ChainOfResponsibility\ChainOfResponsibility.csproj", "{0841BB01-4428-4EF6-ADDA-E3FEBEFE08D0}"
EndProject
Project("{FAE04EC0-301F-11D3-BF4B-00C04F79EFBC}") = "Command", "Command\Command.csproj", "{0C533B5D-BB04-43E3-B269-23FF91A53D3D}"
EndProject
Project("{FAE04EC0-301F-11D3-BF4B-00C04F79EFBC}") = "Interpreter", "Interpreter\Interpreter.csproj", "{45982E9A-B341-4699-A29A-64294B157345}"
EndProject
Project("{FAE04EC0-301F-11D3-BF4B-00C04F79EFBC}") = "Iterator", "Iterator\Iterator.csproj", "{64951C8F-9C55-444D-A5A1-D2EA0FDA9845}"
EndProject
Project("{FAE04EC0-301F-11D3-BF4B-00C04F79EFBC}") = "Mediator", "Mediator\Mediator.csproj", "{FE8C9088-5A64-454E-9676-45D157AFF5BB}"
EndProject
Project("{FAE04EC0-301F-11D3-BF4B-00C04F79EFBC}") = "Memento", "Memento\Memento.csproj", "{93906617-B60D-4783-9F45-78B31D97D74F}"
EndProject
Project("{FAE04EC0-301F-11D3-BF4B-00C04F79EFBC}") = "Observer", "Observer\Observer.csproj", "{621970DC-91E2-406C-B6DB-18327F4DAE05}"
EndProject
Project("{FAE04EC0-301F-11D3-BF4B-00C04F79EFBC}") = "State", "State\State.csproj", "{8932C8C5-E656-45D4-A044-A65CE8E2C0AE}"
EndProject
Global
	GlobalSection(SolutionConfigurationPlatforms) = preSolution
		Debug|Any CPU = Debug|Any CPU
		Release|Any CPU = Release|Any CPU
	EndGlobalSection
	GlobalSection(ProjectConfigurationPlatforms) = postSolution
		{011ED217-45B7-4086-B074-FBFB2959BF6F}.Debug|Any CPU.ActiveCfg = Debug|Any CPU
		{011ED217-45B7-4086-B074-FBFB2959BF6F}.Debug|Any CPU.Build.0 = Debug|Any CPU
		{011ED217-45B7-4086-B074-FBFB2959BF6F}.Release|Any CPU.ActiveCfg = Release|Any CPU
		{011ED217-45B7-4086-B074-FBFB2959BF6F}.Release|Any CPU.Build.0 = Release|Any CPU
		{76FACB20-4DDA-4C3F-8003-97984710F01B}.Debug|Any CPU.ActiveCfg = Debug|Any CPU
		{76FACB20-4DDA-4C3F-8003-97984710F01B}.Debug|Any CPU.Build.0 = Debug|Any CPU
		{76FACB20-4DDA-4C3F-8003-97984710F01B}.Release|Any CPU.ActiveCfg = Release|Any CPU
		{76FACB20-4DDA-4C3F-8003-97984710F01B}.Release|Any CPU.Build.0 = Release|Any CPU
		{E129225D-0844-4B8C-BE82-9F11F2FE4F57}.Debug|Any CPU.ActiveCfg = Debug|Any CPU
		{E129225D-0844-4B8C-BE82-9F11F2FE4F57}.Debug|Any CPU.Build.0 = Debug|Any CPU
		{E129225D-0844-4B8C-BE82-9F11F2FE4F57}.Release|Any CPU.ActiveCfg = Release|Any CPU
		{E129225D-0844-4B8C-BE82-9F11F2FE4F57}.Release|Any CPU.Build.0 = Release|Any CPU
		{E83BBDBE-B5D5-471B-B8CF-D5A8F75D6E73}.Debug|Any CPU.ActiveCfg = Debug|Any CPU
		{E83BBDBE-B5D5-471B-B8CF-D5A8F75D6E73}.Debug|Any CPU.Build.0 = Debug|Any CPU
		{E83BBDBE-B5D5-471B-B8CF-D5A8F75D6E73}.Release|Any CPU.ActiveCfg = Release|Any CPU
		{E83BBDBE-B5D5-471B-B8CF-D5A8F75D6E73}.Release|Any CPU.Build.0 = Release|Any CPU
		{93E4B0F6-7E2A-42F7-97F1-9A87E58F20B1}.Debug|Any CPU.ActiveCfg = Debug|Any CPU
		{93E4B0F6-7E2A-42F7-97F1-9A87E58F20B1}.Debug|Any CPU.Build.0 = Debug|Any CPU
		{93E4B0F6-7E2A-42F7-97F1-9A87E58F20B1}.Release|Any CPU.ActiveCfg = Release|Any CPU
		{93E4B0F6-7E2A-42F7-97F1-9A87E58F20B1}.Release|Any CPU.Build.0 = Release|Any CPU
		{8F638890-4F82-488A-9BB8-06661CFDB039}.Debug|Any CPU.ActiveCfg = Debug|Any CPU
		{8F638890-4F82-488A-9BB8-06661CFDB039}.Debug|Any CPU.Build.0 = Debug|Any CPU
		{8F638890-4F82-488A-9BB8-06661CFDB039}.Release|Any CPU.ActiveCfg = Release|Any CPU
		{8F638890-4F82-488A-9BB8-06661CFDB039}.Release|Any CPU.Build.0 = Release|Any CPU
		{57891911-0097-496D-A2D9-07036EAFFDB2}.Debug|Any CPU.ActiveCfg = Debug|Any CPU
		{57891911-0097-496D-A2D9-07036EAFFDB2}.Debug|Any CPU.Build.0 = Debug|Any CPU
		{57891911-0097-496D-A2D9-07036EAFFDB2}.Release|Any CPU.ActiveCfg = Release|Any CPU
		{57891911-0097-496D-A2D9-07036EAFFDB2}.Release|Any CPU.Build.0 = Release|Any CPU
		{3C3B77A7-C17F-46FB-8B6A-28DD1C87F2B3}.Debug|Any CPU.ActiveCfg = Debug|Any CPU
		{3C3B77A7-C17F-46FB-8B6A-28DD1C87F2B3}.Debug|Any CPU.Build.0 = Debug|Any CPU
		{3C3B77A7-C17F-46FB-8B6A-28DD1C87F2B3}.Release|Any CPU.ActiveCfg = Release|Any CPU
		{3C3B77A7-C17F-46FB-8B6A-28DD1C87F2B3}.Release|Any CPU.Build.0 = Release|Any CPU
		{ABD45FC8-8DF6-4E9C-8AD0-F59893C8E424}.Debug|Any CPU.ActiveCfg = Debug|Any CPU
		{ABD45FC8-8DF6-4E9C-8AD0-F59893C8E424}.Debug|Any CPU.Build.0 = Debug|Any CPU
		{ABD45FC8-8DF6-4E9C-8AD0-F59893C8E424}.Release|Any CPU.ActiveCfg = Release|Any CPU
		{ABD45FC8-8DF6-4E9C-8AD0-F59893C8E424}.Release|Any CPU.Build.0 = Release|Any CPU
		{18DB398D-911D-43D4-847D-69EB0FC0EC14}.Debug|Any CPU.ActiveCfg = Debug|Any CPU
		{18DB398D-911D-43D4-847D-69EB0FC0EC14}.Debug|Any CPU.Build.0 = Debug|Any CPU
		{18DB398D-911D-43D4-847D-69EB0FC0EC14}.Release|Any CPU.ActiveCfg = Release|Any CPU
		{18DB398D-911D-43D4-847D-69EB0FC0EC14}.Release|Any CPU.Build.0 = Release|Any CPU
		{EE8B5900-2E08-452C-8338-3FCF15E544A4}.Debug|Any CPU.ActiveCfg = Debug|Any CPU
		{EE8B5900-2E08-452C-8338-3FCF15E544A4}.Debug|Any CPU.Build.0 = Debug|Any CPU
		{EE8B5900-2E08-452C-8338-3FCF15E544A4}.Release|Any CPU.ActiveCfg = Release|Any CPU
		{EE8B5900-2E08-452C-8338-3FCF15E544A4}.Release|Any CPU.Build.0 = Release|Any CPU
		{82819AAC-2F0E-4F87-90C0-DCE25A22AF35}.Debug|Any CPU.ActiveCfg = Debug|Any CPU
		{82819AAC-2F0E-4F87-90C0-DCE25A22AF35}.Debug|Any CPU.Build.0 = Debug|Any CPU
		{82819AAC-2F0E-4F87-90C0-DCE25A22AF35}.Release|Any CPU.ActiveCfg = Release|Any CPU
		{82819AAC-2F0E-4F87-90C0-DCE25A22AF35}.Release|Any CPU.Build.0 = Release|Any CPU
		{A806133F-6FC7-458A-9946-C1BACAFD8454}.Debug|Any CPU.ActiveCfg = Debug|Any CPU
		{A806133F-6FC7-458A-9946-C1BACAFD8454}.Debug|Any CPU.Build.0 = Debug|Any CPU
		{A806133F-6FC7-458A-9946-C1BACAFD8454}.Release|Any CPU.ActiveCfg = Release|Any CPU
		{A806133F-6FC7-458A-9946-C1BACAFD8454}.Release|Any CPU.Build.0 = Release|Any CPU
		{62B6D792-5046-40EE-ACD5-BAB8FBFBCE56}.Debug|Any CPU.ActiveCfg = Debug|Any CPU
		{62B6D792-5046-40EE-ACD5-BAB8FBFBCE56}.Debug|Any CPU.Build.0 = Debug|Any CPU
		{62B6D792-5046-40EE-ACD5-BAB8FBFBCE56}.Release|Any CPU.ActiveCfg = Release|Any CPU
		{62B6D792-5046-40EE-ACD5-BAB8FBFBCE56}.Release|Any CPU.Build.0 = Release|Any CPU
		{48139D16-9C18-433F-A23F-5C56032CAA33}.Debug|Any CPU.ActiveCfg = Debug|Any CPU
		{48139D16-9C18-433F-A23F-5C56032CAA33}.Debug|Any CPU.Build.0 = Debug|Any CPU
		{48139D16-9C18-433F-A23F-5C56032CAA33}.Release|Any CPU.ActiveCfg = Release|Any CPU
		{48139D16-9C18-433F-A23F-5C56032CAA33}.Release|Any CPU.Build.0 = Release|Any CPU
		{FC8D24D7-CEF0-4144-858C-35AB196F2539}.Debug|Any CPU.ActiveCfg = Debug|Any CPU
		{FC8D24D7-CEF0-4144-858C-35AB196F2539}.Debug|Any CPU.Build.0 = Debug|Any CPU
		{FC8D24D7-CEF0-4144-858C-35AB196F2539}.Release|Any CPU.ActiveCfg = Release|Any CPU
		{FC8D24D7-CEF0-4144-858C-35AB196F2539}.Release|Any CPU.Build.0 = Release|Any CPU
		{0841BB01-4428-4EF6-ADDA-E3FEBEFE08D0}.Debug|Any CPU.ActiveCfg = Debug|Any CPU
		{0841BB01-4428-4EF6-ADDA-E3FEBEFE08D0}.Debug|Any CPU.Build.0 = Debug|Any CPU
		{0841BB01-4428-4EF6-ADDA-E3FEBEFE08D0}.Release|Any CPU.ActiveCfg = Release|Any CPU
		{0841BB01-4428-4EF6-ADDA-E3FEBEFE08D0}.Release|Any CPU.Build.0 = Release|Any CPU
		{0C533B5D-BB04-43E3-B269-23FF91A53D3D}.Debug|Any CPU.ActiveCfg = Debug|Any CPU
		{0C533B5D-BB04-43E3-B269-23FF91A53D3D}.Debug|Any CPU.Build.0 = Debug|Any CPU
		{0C533B5D-BB04-43E3-B269-23FF91A53D3D}.Release|Any CPU.ActiveCfg = Release|Any CPU
		{0C533B5D-BB04-43E3-B269-23FF91A53D3D}.Release|Any CPU.Build.0 = Release|Any CPU
		{45982E9A-B341-4699-A29A-64294B157345}.Debug|Any CPU.ActiveCfg = Debug|Any CPU
		{45982E9A-B341-4699-A29A-64294B157345}.Debug|Any CPU.Build.0 = Debug|Any CPU
		{45982E9A-B341-4699-A29A-64294B157345}.Release|Any CPU.ActiveCfg = Release|Any CPU
		{45982E9A-B341-4699-A29A-64294B157345}.Release|Any CPU.Build.0 = Release|Any CPU
		{64951C8F-9C55-444D-A5A1-D2EA0FDA9845}.Debug|Any CPU.ActiveCfg = Debug|Any CPU
		{64951C8F-9C55-444D-A5A1-D2EA0FDA9845}.Debug|Any CPU.Build.0 = Debug|Any CPU
		{64951C8F-9C55-444D-A5A1-D2EA0FDA9845}.Release|Any CPU.ActiveCfg = Release|Any CPU
		{64951C8F-9C55-444D-A5A1-D2EA0FDA9845}.Release|Any CPU.Build.0 = Release|Any CPU
		{FE8C9088-5A64-454E-9676-45D157AFF5BB}.Debug|Any CPU.ActiveCfg = Debug|Any CPU
		{FE8C9088-5A64-454E-9676-45D157AFF5BB}.Debug|Any CPU.Build.0 = Debug|Any CPU
		{FE8C9088-5A64-454E-9676-45D157AFF5BB}.Release|Any CPU.ActiveCfg = Release|Any CPU
		{FE8C9088-5A64-454E-9676-45D157AFF5BB}.Release|Any CPU.Build.0 = Release|Any CPU
		{93906617-B60D-4783-9F45-78B31D97D74F}.Debug|Any CPU.ActiveCfg = Debug|Any CPU
		{93906617-B60D-4783-9F45-78B31D97D74F}.Debug|Any CPU.Build.0 = Debug|Any CPU
		{93906617-B60D-4783-9F45-78B31D97D74F}.Release|Any CPU.ActiveCfg = Release|Any CPU
		{93906617-B60D-4783-9F45-78B31D97D74F}.Release|Any CPU.Build.0 = Release|Any CPU
		{621970DC-91E2-406C-B6DB-18327F4DAE05}.Debug|Any CPU.ActiveCfg = Debug|Any CPU
		{621970DC-91E2-406C-B6DB-18327F4DAE05}.Debug|Any CPU.Build.0 = Debug|Any CPU
		{621970DC-91E2-406C-B6DB-18327F4DAE05}.Release|Any CPU.ActiveCfg = Release|Any CPU
		{621970DC-91E2-406C-B6DB-18327F4DAE05}.Release|Any CPU.Build.0 = Release|Any CPU
		{8932C8C5-E656-45D4-A044-A65CE8E2C0AE}.Debug|Any CPU.ActiveCfg = Debug|Any CPU
		{8932C8C5-E656-45D4-A044-A65CE8E2C0AE}.Debug|Any CPU.Build.0 = Debug|Any CPU
		{8932C8C5-E656-45D4-A044-A65CE8E2C0AE}.Release|Any CPU.ActiveCfg = Release|Any CPU
		{8932C8C5-E656-45D4-A044-A65CE8E2C0AE}.Release|Any CPU.Build.0 = Release|Any CPU
	EndGlobalSection
	GlobalSection(SolutionProperties) = preSolution
		HideSolutionNode = FALSE
	EndGlobalSection
	GlobalSection(NestedProjects) = preSolution
		{581D2A7D-04D2-4AA5-9E07-C195A6CCD54E} = {C3391258-5F12-43D9-A80D-FEEF35150699}
		{011ED217-45B7-4086-B074-FBFB2959BF6F} = {581D2A7D-04D2-4AA5-9E07-C195A6CCD54E}
		{76FACB20-4DDA-4C3F-8003-97984710F01B} = {581D2A7D-04D2-4AA5-9E07-C195A6CCD54E}
		{E129225D-0844-4B8C-BE82-9F11F2FE4F57} = {581D2A7D-04D2-4AA5-9E07-C195A6CCD54E}
		{E83BBDBE-B5D5-471B-B8CF-D5A8F75D6E73} = {581D2A7D-04D2-4AA5-9E07-C195A6CCD54E}
		{93E4B0F6-7E2A-42F7-97F1-9A87E58F20B1} = {581D2A7D-04D2-4AA5-9E07-C195A6CCD54E}
		{8F638890-4F82-488A-9BB8-06661CFDB039} = {581D2A7D-04D2-4AA5-9E07-C195A6CCD54E}
		{57891911-0097-496D-A2D9-07036EAFFDB2} = {581D2A7D-04D2-4AA5-9E07-C195A6CCD54E}
		{7C841606-0CD6-4735-9CAE-341A888CCA0F} = {C3391258-5F12-43D9-A80D-FEEF35150699}
		{3C3B77A7-C17F-46FB-8B6A-28DD1C87F2B3} = {581D2A7D-04D2-4AA5-9E07-C195A6CCD54E}
		{ABD45FC8-8DF6-4E9C-8AD0-F59893C8E424} = {581D2A7D-04D2-4AA5-9E07-C195A6CCD54E}
		{18DB398D-911D-43D4-847D-69EB0FC0EC14} = {7C841606-0CD6-4735-9CAE-341A888CCA0F}
		{EE8B5900-2E08-452C-8338-3FCF15E544A4} = {7C841606-0CD6-4735-9CAE-341A888CCA0F}
		{82819AAC-2F0E-4F87-90C0-DCE25A22AF35} = {7C841606-0CD6-4735-9CAE-341A888CCA0F}
		{A806133F-6FC7-458A-9946-C1BACAFD8454} = {7C841606-0CD6-4735-9CAE-341A888CCA0F}
		{62B6D792-5046-40EE-ACD5-BAB8FBFBCE56} = {7C841606-0CD6-4735-9CAE-341A888CCA0F}
		{48139D16-9C18-433F-A23F-5C56032CAA33} = {7C841606-0CD6-4735-9CAE-341A888CCA0F}
		{FC8D24D7-CEF0-4144-858C-35AB196F2539} = {7C841606-0CD6-4735-9CAE-341A888CCA0F}
		{5C3ED098-FCB1-4C0A-9431-641CC30405D7} = {C3391258-5F12-43D9-A80D-FEEF35150699}
		{0841BB01-4428-4EF6-ADDA-E3FEBEFE08D0} = {5C3ED098-FCB1-4C0A-9431-641CC30405D7}
		{0C533B5D-BB04-43E3-B269-23FF91A53D3D} = {5C3ED098-FCB1-4C0A-9431-641CC30405D7}
		{45982E9A-B341-4699-A29A-64294B157345} = {5C3ED098-FCB1-4C0A-9431-641CC30405D7}
		{64951C8F-9C55-444D-A5A1-D2EA0FDA9845} = {5C3ED098-FCB1-4C0A-9431-641CC30405D7}
		{FE8C9088-5A64-454E-9676-45D157AFF5BB} = {5C3ED098-FCB1-4C0A-9431-641CC30405D7}
		{93906617-B60D-4783-9F45-78B31D97D74F} = {5C3ED098-FCB1-4C0A-9431-641CC30405D7}
		{621970DC-91E2-406C-B6DB-18327F4DAE05} = {5C3ED098-FCB1-4C0A-9431-641CC30405D7}
		{8932C8C5-E656-45D4-A044-A65CE8E2C0AE} = {5C3ED098-FCB1-4C0A-9431-641CC30405D7}
	EndGlobalSection
	GlobalSection(ExtensibilityGlobals) = postSolution
		SolutionGuid = {B9AE6D30-EBED-40A5-9230-6DA18618BCF9}
	EndGlobalSection
EndGlobal
